
Microsoft Visual Studio Solution File, Format Version 12.00
# Visual Studio 2017
Project("{FAE04EC0-301F-11D3-BF4B-00C04F79EFBC}") = "KingStory", "KingStory.csproj", "{6F063FE2-8623-1159-FE2A-19E4E36E3900}"
EndProject
Project("{FAE04EC0-301F-11D3-BF4B-00C04F79EFBC}") = "KingStory.Editor", "KingStory.Editor.csproj", "{0853946D-F4BE-FA92-9781-162D9C709F84}"
EndProject
Global
	GlobalSection(SolutionConfigurationPlatforms) = preSolution
		Debug|Any CPU = Debug|Any CPU
		Release|Any CPU = Release|Any CPU
	EndGlobalSection
	GlobalSection(ProjectConfigurationPlatforms) = postSolution
		{6F063FE2-8623-1159-FE2A-19E4E36E3900}.Debug|Any CPU.ActiveCfg = Debug|Any CPU
		{6F063FE2-8623-1159-FE2A-19E4E36E3900}.Debug|Any CPU.Build.0 = Debug|Any CPU
		{6F063FE2-8623-1159-FE2A-19E4E36E3900}.Release|Any CPU.ActiveCfg = Release|Any CPU
		{6F063FE2-8623-1159-FE2A-19E4E36E3900}.Release|Any CPU.Build.0 = Release|Any CPU
		{0853946D-F4BE-FA92-9781-162D9C709F84}.Debug|Any CPU.ActiveCfg = Debug|Any CPU
		{0853946D-F4BE-FA92-9781-162D9C709F84}.Debug|Any CPU.Build.0 = Debug|Any CPU
		{0853946D-F4BE-FA92-9781-162D9C709F84}.Release|Any CPU.ActiveCfg = Release|Any CPU
		{0853946D-F4BE-FA92-9781-162D9C709F84}.Release|Any CPU.Build.0 = Release|Any CPU
	EndGlobalSection
	GlobalSection(SolutionProperties) = preSolution
		HideSolutionNode = FALSE
	EndGlobalSection
EndGlobal
